{
  "pins" : [
    {
      "identity" : "cooklang-swift",
      "kind" : "remoteSourceControl",
      "location" : "https://github.com/cooklang/cooklang-swift",
      "state" : {
        "revision" : "43281f622ffbcc091134d82cd8ba8ec3521aaddb",
        "version" : "0.1.5"
      }
    }
  ],
  "version" : 2
}
